
Microsoft Visual Studio Solution File, Format Version 12.00
# Visual Studio Version 17
VisualStudioVersion = 17.5.002.0
MinimumVisualStudioVersion = 10.0.40219.1
Project("{9A19103F-16F7-4668-BE54-9A1E7A4F7556}") = "Starter", "Starter.csproj", "{1C869548-E5F0-421E-927F-8B7309048CDC}"
EndProject
Global
	GlobalSection(SolutionConfigurationPlatforms) = preSolution
		Debug|Any CPU = Debug|Any CPU
		Release|Any CPU = Release|Any CPU
	EndGlobalSection
	GlobalSection(ProjectConfigurationPlatforms) = postSolution
		{1C869548-E5F0-421E-927F-8B7309048CDC}.Debug|Any CPU.ActiveCfg = Debug|Any CPU
		{1C869548-E5F0-421E-927F-8B7309048CDC}.Debug|Any CPU.Build.0 = Debug|Any CPU
		{1C869548-E5F0-421E-927F-8B7309048CDC}.Release|Any CPU.ActiveCfg = Release|Any CPU
		{1C869548-E5F0-421E-927F-8B7309048CDC}.Release|Any CPU.Build.0 = Release|Any CPU
	EndGlobalSection
	GlobalSection(SolutionProperties) = preSolution
		HideSolutionNode = FALSE
	EndGlobalSection
	GlobalSection(ExtensibilityGlobals) = postSolution
		SolutionGuid = {99E4C000-66B6-4E6E-BE58-448CF06EE222}
	EndGlobalSection
EndGlobal
